
Microsoft Visual Studio Solution File, Format Version 12.00
# Visual Studio Version 16
VisualStudioVersion = 16.0.29911.84
MinimumVisualStudioVersion = 10.0.40219.1
Project("{FAE04EC0-301F-11D3-BF4B-00C04F79EFBC}") = "Philosophers", "Philosophers.csproj", "{BA789C59-CE48-434B-90C8-B06ADE0C6AD4}"
EndProject
Global
	GlobalSection(SolutionConfigurationPlatforms) = preSolution
		Debug|Any CPU = Debug|Any CPU
		Release|Any CPU = Release|Any CPU
	EndGlobalSection
	GlobalSection(ProjectConfigurationPlatforms) = postSolution
		{BA789C59-CE48-434B-90C8-B06ADE0C6AD4}.Debug|Any CPU.ActiveCfg = Debug|Any CPU
		{BA789C59-CE48-434B-90C8-B06ADE0C6AD4}.Debug|Any CPU.Build.0 = Debug|Any CPU
		{BA789C59-CE48-434B-90C8-B06ADE0C6AD4}.Release|Any CPU.ActiveCfg = Release|Any CPU
		{BA789C59-CE48-434B-90C8-B06ADE0C6AD4}.Release|Any CPU.Build.0 = Release|Any CPU
	EndGlobalSection
	GlobalSection(SolutionProperties) = preSolution
		HideSolutionNode = FALSE
	EndGlobalSection
	GlobalSection(ExtensibilityGlobals) = postSolution
		SolutionGuid = {A3163330-9FF9-46C5-A3FC-52AD5E1B8F23}
	EndGlobalSection
EndGlobal
